
Microsoft Visual Studio Solution File, Format Version 12.00
# Visual Studio Version 17
VisualStudioVersion = 17.4.33213.308
MinimumVisualStudioVersion = 10.0.40219.1
Project("{9A19103F-16F7-4668-BE54-9A1E7A4F7556}") = "RateYourProfessor", "RateYourProfessor\RateYourProfessor.csproj", "{1C80F938-889F-4A5B-936D-8BB36A60BFBB}"
EndProject
Project("{9A19103F-16F7-4668-BE54-9A1E7A4F7556}") = "ProfessorTest", "ProfessorTest\ProfessorTest.csproj", "{8D69DBD8-13D7-415F-832C-2496DBE6173D}"
EndProject
Global
	GlobalSection(SolutionConfigurationPlatforms) = preSolution
		Debug|Any CPU = Debug|Any CPU
		Release|Any CPU = Release|Any CPU
	EndGlobalSection
	GlobalSection(ProjectConfigurationPlatforms) = postSolution
		{1C80F938-889F-4A5B-936D-8BB36A60BFBB}.Debug|Any CPU.ActiveCfg = Debug|Any CPU
		{1C80F938-889F-4A5B-936D-8BB36A60BFBB}.Debug|Any CPU.Build.0 = Debug|Any CPU
		{1C80F938-889F-4A5B-936D-8BB36A60BFBB}.Release|Any CPU.ActiveCfg = Release|Any CPU
		{1C80F938-889F-4A5B-936D-8BB36A60BFBB}.Release|Any CPU.Build.0 = Release|Any CPU
		{8D69DBD8-13D7-415F-832C-2496DBE6173D}.Debug|Any CPU.ActiveCfg = Debug|Any CPU
		{8D69DBD8-13D7-415F-832C-2496DBE6173D}.Debug|Any CPU.Build.0 = Debug|Any CPU
		{8D69DBD8-13D7-415F-832C-2496DBE6173D}.Release|Any CPU.ActiveCfg = Release|Any CPU
		{8D69DBD8-13D7-415F-832C-2496DBE6173D}.Release|Any CPU.Build.0 = Release|Any CPU
	EndGlobalSection
	GlobalSection(SolutionProperties) = preSolution
		HideSolutionNode = FALSE
	EndGlobalSection
	GlobalSection(ExtensibilityGlobals) = postSolution
		SolutionGuid = {1DEE4C77-B7CD-41BA-BA70-85D01E53C463}
	EndGlobalSection
EndGlobal
